// !$*UTF8*$!
{
	archiveVersion = 1;
	classes = {
	};
	objectVersion = 46;
	objects = {

/* Begin PBXBuildFile section */
		C23229D61B9D6BF800E7FF8C /* AppDelegate.swift in Sources */ = {isa = PBXBuildFile; fileRef = C23229D51B9D6BF800E7FF8C /* AppDelegate.swift */; };
		C23229D81B9D6BF800E7FF8C /* ViewController.swift in Sources */ = {isa = PBXBuildFile; fileRef = C23229D71B9D6BF800E7FF8C /* ViewController.swift */; };
		C23229DB1B9D6BF800E7FF8C /* Main.storyboard in Resources */ = {isa = PBXBuildFile; fileRef = C23229D91B9D6BF800E7FF8C /* Main.storyboard */; };
		C23229DD1B9D6BF800E7FF8C /* Images.xcassets in Resources */ = {isa = PBXBuildFile; fileRef = C23229DC1B9D6BF800E7FF8C /* Images.xcassets */; };
		C23229E01B9D6BF800E7FF8C /* LaunchScreen.xib in Resources */ = {isa = PBXBuildFile; fileRef = C23229DE1B9D6BF800E7FF8C /* LaunchScreen.xib */; };
		C23229EC1B9D6BF800E7FF8C /* MBMotionTests.swift in Sources */ = {isa = PBXBuildFile; fileRef = C23229EB1B9D6BF800E7FF8C /* MBMotionTests.swift */; };
		C23229F61B9D6C7B00E7FF8C /* MBMotionActionSheet.swift in Sources */ = {isa = PBXBuildFile; fileRef = C23229F51B9D6C7B00E7FF8C /* MBMotionActionSheet.swift */; };
		C23229F81B9D6D7F00E7FF8C /* MBMotionActionSheet.xib in Resources */ = {isa = PBXBuildFile; fileRef = C23229F71B9D6D7E00E7FF8C /* MBMotionActionSheet.xib */; };
		C2345F901BA29B7700E9FF33 /* UIViewFrameExtension.swift in Sources */ = {isa = PBXBuildFile; fileRef = C2345F8F1BA29B7700E9FF33 /* UIViewFrameExtension.swift */; };
		C2CF7C891C10144300D17C37 /* MBMotionHamburgButton.swift in Sources */ = {isa = PBXBuildFile; fileRef = C2CF7C881C10144300D17C37 /* MBMotionHamburgButton.swift */; };
		C2CF7C8B1C10145500D17C37 /* MBMotionHamburgButton.xib in Resources */ = {isa = PBXBuildFile; fileRef = C2CF7C8A1C10145500D17C37 /* MBMotionHamburgButton.xib */; };
		C2CF7CB81C10280900D17C37 /* Constraint.swift in Sources */ = {isa = PBXBuildFile; fileRef = C2CF7CAA1C10280900D17C37 /* Constraint.swift */; };
		C2CF7CB91C10280900D17C37 /* ConstraintAttributes.swift in Sources */ = {isa = PBXBuildFile; fileRef = C2CF7CAB1C10280900D17C37 /* ConstraintAttributes.swift */; };
		C2CF7CBA1C10280900D17C37 /* ConstraintDescription.swift in Sources */ = {isa = PBXBuildFile; fileRef = C2CF7CAC1C10280900D17C37 /* ConstraintDescription.swift */; };
		C2CF7CBB1C10280900D17C37 /* ConstraintItem.swift in Sources */ = {isa = PBXBuildFile; fileRef = C2CF7CAD1C10280900D17C37 /* ConstraintItem.swift */; };
		C2CF7CBC1C10280900D17C37 /* ConstraintMaker.swift in Sources */ = {isa = PBXBuildFile; fileRef = C2CF7CAE1C10280900D17C37 /* ConstraintMaker.swift */; };
		C2CF7CBD1C10280900D17C37 /* ConstraintRelation.swift in Sources */ = {isa = PBXBuildFile; fileRef = C2CF7CAF1C10280900D17C37 /* ConstraintRelation.swift */; };
		C2CF7CBE1C10280900D17C37 /* Debugging.swift in Sources */ = {isa = PBXBuildFile; fileRef = C2CF7CB01C10280900D17C37 /* Debugging.swift */; };
		C2CF7CBF1C10280900D17C37 /* EdgeInsets.swift in Sources */ = {isa = PBXBuildFile; fileRef = C2CF7CB11C10280900D17C37 /* EdgeInsets.swift */; };
		C2CF7CC01C10280900D17C37 /* Info.plist in Resources */ = {isa = PBXBuildFile; fileRef = C2CF7CB21C10280900D17C37 /* Info.plist */; };
		C2CF7CC11C10280900D17C37 /* LayoutConstraint.swift in Sources */ = {isa = PBXBuildFile; fileRef = C2CF7CB31C10280900D17C37 /* LayoutConstraint.swift */; };
		C2CF7CC21C10280900D17C37 /* SnapKit.swift in Sources */ = {isa = PBXBuildFile; fileRef = C2CF7CB51C10280900D17C37 /* SnapKit.swift */; };
		C2CF7CC31C10280900D17C37 /* View+SnapKit.swift in Sources */ = {isa = PBXBuildFile; fileRef = C2CF7CB61C10280900D17C37 /* View+SnapKit.swift */; };
		C2CF7CC41C10280900D17C37 /* ViewController+SnapKit.swift in Sources */ = {isa = PBXBuildFile; fileRef = C2CF7CB71C10280900D17C37 /* ViewController+SnapKit.swift */; };
		C2CF7CC81C102EC300D17C37 /* MBMotionContentView.xib in Resources */ = {isa = PBXBuildFile; fileRef = C2CF7CC71C102EC300D17C37 /* MBMotionContentView.xib */; };
		C2CF7CCA1C102EF300D17C37 /* MBMotionContentView.swift in Sources */ = {isa = PBXBuildFile; fileRef = C2CF7CC91C102EF300D17C37 /* MBMotionContentView.swift */; };
		C2CF7CCC1C11747400D17C37 /* MBTimeUtil.swift in Sources */ = {isa = PBXBuildFile; fileRef = C2CF7CCB1C11747400D17C37 /* MBTimeUtil.swift */; };
		C2CF7CD61C152FE400D17C37 /* MBMotionActionSheetDemoViewController.swift in Sources */ = {isa = PBXBuildFile; fileRef = C2CF7CD51C152FE400D17C37 /* MBMotionActionSheetDemoViewController.swift */; };
		C2CF7CD91C15306500D17C37 /* MBMotionWebViewController.swift in Sources */ = {isa = PBXBuildFile; fileRef = C2CF7CD81C15306500D17C37 /* MBMotionWebViewController.swift */; };
		C2CF7CDB1C154EBD00D17C37 /* UIViewParallelHeaderExtension.swift in Sources */ = {isa = PBXBuildFile; fileRef = C2CF7CDA1C154EBD00D17C37 /* UIViewParallelHeaderExtension.swift */; };
		C2CF7CDE1C1558A900D17C37 /* MBTableHeaderView.xib in Resources */ = {isa = PBXBuildFile; fileRef = C2CF7CDC1C1558A900D17C37 /* MBTableHeaderView.xib */; };
		C2CF7CDF1C1558A900D17C37 /* MBTableHeaderView.swift in Sources */ = {isa = PBXBuildFile; fileRef = C2CF7CDD1C1558A900D17C37 /* MBTableHeaderView.swift */; };
		C2CF7CE41C17E9E600D17C37 /* MBNavigationBar.swift in Sources */ = {isa = PBXBuildFile; fileRef = C2CF7CE31C17E9E600D17C37 /* MBNavigationBar.swift */; };
		C2CF7CE71C17EAAF00D17C37 /* MBNavigationItem.swift in Sources */ = {isa = PBXBuildFile; fileRef = C2CF7CE61C17EAAF00D17C37 /* MBNavigationItem.swift */; };
		C2CF7CEB1C17FA4C00D17C37 /* MBMotionContentTableViewCell.swift in Sources */ = {isa = PBXBuildFile; fileRef = C2CF7CE91C17FA4C00D17C37 /* MBMotionContentTableViewCell.swift */; };
		C2CF7CEC1C17FA4C00D17C37 /* MBMotionContentTableViewCell.xib in Resources */ = {isa = PBXBuildFile; fileRef = C2CF7CEA1C17FA4C00D17C37 /* MBMotionContentTableViewCell.xib */; };
/* End PBXBuildFile section */

/* Begin PBXContainerItemProxy section */
		C23229E61B9D6BF800E7FF8C /* PBXContainerItemProxy */ = {
			isa = PBXContainerItemProxy;
			containerPortal = C23229C81B9D6BF800E7FF8C /* Project object */;
			proxyType = 1;
			remoteGlobalIDString = C23229CF1B9D6BF800E7FF8C;
			remoteInfo = MBMotion;
		};
/* End PBXContainerItemProxy section */

/* Begin PBXFileReference section */
		C23229D01B9D6BF800E7FF8C /* MBMotion.app */ = {isa = PBXFileReference; explicitFileType = wrapper.application; includeInIndex = 0; path = MBMotion.app; sourceTree = BUILT_PRODUCTS_DIR; };
		C23229D41B9D6BF800E7FF8C /* Info.plist */ = {isa = PBXFileReference; lastKnownFileType = text.plist.xml; path = Info.plist; sourceTree = "<group>"; };
		C23229D51B9D6BF800E7FF8C /* AppDelegate.swift */ = {isa = PBXFileReference; lastKnownFileType = sourcecode.swift; path = AppDelegate.swift; sourceTree = "<group>"; };
		C23229D71B9D6BF800E7FF8C /* ViewController.swift */ = {isa = PBXFileReference; lastKnownFileType = sourcecode.swift; path = ViewController.swift; sourceTree = "<group>"; };
		C23229DA1B9D6BF800E7FF8C /* Base */ = {isa = PBXFileReference; lastKnownFileType = file.storyboard; name = Base; path = Base.lproj/Main.storyboard; sourceTree = "<group>"; };
		C23229DC1B9D6BF800E7FF8C /* Images.xcassets */ = {isa = PBXFileReference; lastKnownFileType = folder.assetcatalog; path = Images.xcassets; sourceTree = "<group>"; };
		C23229DF1B9D6BF800E7FF8C /* Base */ = {isa = PBXFileReference; lastKnownFileType = file.xib; name = Base; path = Base.lproj/LaunchScreen.xib; sourceTree = "<group>"; };
		C23229E51B9D6BF800E7FF8C /* MBMotionTests.xctest */ = {isa = PBXFileReference; explicitFileType = wrapper.cfbundle; includeInIndex = 0; path = MBMotionTests.xctest; sourceTree = BUILT_PRODUCTS_DIR; };
		C23229EA1B9D6BF800E7FF8C /* Info.plist */ = {isa = PBXFileReference; lastKnownFileType = text.plist.xml; path = Info.plist; sourceTree = "<group>"; };
		C23229EB1B9D6BF800E7FF8C /* MBMotionTests.swift */ = {isa = PBXFileReference; lastKnownFileType = sourcecode.swift; path = MBMotionTests.swift; sourceTree = "<group>"; };
		C23229F51B9D6C7B00E7FF8C /* MBMotionActionSheet.swift */ = {isa = PBXFileReference; fileEncoding = 4; lastKnownFileType = sourcecode.swift; path = MBMotionActionSheet.swift; sourceTree = "<group>"; };
		C23229F71B9D6D7E00E7FF8C /* MBMotionActionSheet.xib */ = {isa = PBXFileReference; fileEncoding = 4; lastKnownFileType = file.xib; path = MBMotionActionSheet.xib; sourceTree = "<group>"; };
		C2345F8F1BA29B7700E9FF33 /* UIViewFrameExtension.swift */ = {isa = PBXFileReference; fileEncoding = 4; lastKnownFileType = sourcecode.swift; path = UIViewFrameExtension.swift; sourceTree = "<group>"; };
		C2CF7C881C10144300D17C37 /* MBMotionHamburgButton.swift */ = {isa = PBXFileReference; fileEncoding = 4; lastKnownFileType = sourcecode.swift; path = MBMotionHamburgButton.swift; sourceTree = "<group>"; };
		C2CF7C8A1C10145500D17C37 /* MBMotionHamburgButton.xib */ = {isa = PBXFileReference; fileEncoding = 4; lastKnownFileType = file.xib; path = MBMotionHamburgButton.xib; sourceTree = "<group>"; };
		C2CF7CAA1C10280900D17C37 /* Constraint.swift */ = {isa = PBXFileReference; fileEncoding = 4; lastKnownFileType = sourcecode.swift; path = Constraint.swift; sourceTree = "<group>"; };
		C2CF7CAB1C10280900D17C37 /* ConstraintAttributes.swift */ = {isa = PBXFileReference; fileEncoding = 4; lastKnownFileType = sourcecode.swift; path = ConstraintAttributes.swift; sourceTree = "<group>"; };
		C2CF7CAC1C10280900D17C37 /* ConstraintDescription.swift */ = {isa = PBXFileReference; fileEncoding = 4; lastKnownFileType = sourcecode.swift; path = ConstraintDescription.swift; sourceTree = "<group>"; };
		C2CF7CAD1C10280900D17C37 /* ConstraintItem.swift */ = {isa = PBXFileReference; fileEncoding = 4; lastKnownFileType = sourcecode.swift; path = ConstraintItem.swift; sourceTree = "<group>"; };
		C2CF7CAE1C10280900D17C37 /* ConstraintMaker.swift */ = {isa = PBXFileReference; fileEncoding = 4; lastKnownFileType = sourcecode.swift; path = ConstraintMaker.swift; sourceTree = "<group>"; };
		C2CF7CAF1C10280900D17C37 /* ConstraintRelation.swift */ = {isa = PBXFileReference; fileEncoding = 4; lastKnownFileType = sourcecode.swift; path = ConstraintRelation.swift; sourceTree = "<group>"; };
		C2CF7CB01C10280900D17C37 /* Debugging.swift */ = {isa = PBXFileReference; fileEncoding = 4; lastKnownFileType = sourcecode.swift; path = Debugging.swift; sourceTree = "<group>"; };
		C2CF7CB11C10280900D17C37 /* EdgeInsets.swift */ = {isa = PBXFileReference; fileEncoding = 4; lastKnownFileType = sourcecode.swift; path = EdgeInsets.swift; sourceTree = "<group>"; };
		C2CF7CB21C10280900D17C37 /* Info.plist */ = {isa = PBXFileReference; fileEncoding = 4; lastKnownFileType = text.plist.xml; path = Info.plist; sourceTree = "<group>"; };
		C2CF7CB31C10280900D17C37 /* LayoutConstraint.swift */ = {isa = PBXFileReference; fileEncoding = 4; lastKnownFileType = sourcecode.swift; path = LayoutConstraint.swift; sourceTree = "<group>"; };
		C2CF7CB41C10280900D17C37 /* SnapKit.h */ = {isa = PBXFileReference; fileEncoding = 4; lastKnownFileType = sourcecode.c.h; path = SnapKit.h; sourceTree = "<group>"; };
		C2CF7CB51C10280900D17C37 /* SnapKit.swift */ = {isa = PBXFileReference; fileEncoding = 4; lastKnownFileType = sourcecode.swift; path = SnapKit.swift; sourceTree = "<group>"; };
		C2CF7CB61C10280900D17C37 /* View+SnapKit.swift */ = {isa = PBXFileReference; fileEncoding = 4; lastKnownFileType = sourcecode.swift; path = "View+SnapKit.swift"; sourceTree = "<group>"; };
		C2CF7CB71C10280900D17C37 /* ViewController+SnapKit.swift */ = {isa = PBXFileReference; fileEncoding = 4; lastKnownFileType = sourcecode.swift; path = "ViewController+SnapKit.swift"; sourceTree = "<group>"; };
		C2CF7CC71C102EC300D17C37 /* MBMotionContentView.xib */ = {isa = PBXFileReference; fileEncoding = 4; lastKnownFileType = file.xib; path = MBMotionContentView.xib; sourceTree = "<group>"; };
		C2CF7CC91C102EF300D17C37 /* MBMotionContentView.swift */ = {isa = PBXFileReference; fileEncoding = 4; lastKnownFileType = sourcecode.swift; path = MBMotionContentView.swift; sourceTree = "<group>"; };
		C2CF7CCB1C11747400D17C37 /* MBTimeUtil.swift */ = {isa = PBXFileReference; fileEncoding = 4; lastKnownFileType = sourcecode.swift; path = MBTimeUtil.swift; sourceTree = "<group>"; };
		C2CF7CD51C152FE400D17C37 /* MBMotionActionSheetDemoViewController.swift */ = {isa = PBXFileReference; fileEncoding = 4; lastKnownFileType = sourcecode.swift; path = MBMotionActionSheetDemoViewController.swift; sourceTree = "<group>"; };
		C2CF7CD81C15306500D17C37 /* MBMotionWebViewController.swift */ = {isa = PBXFileReference; fileEncoding = 4; lastKnownFileType = sourcecode.swift; path = MBMotionWebViewController.swift; sourceTree = "<group>"; };
		C2CF7CDA1C154EBD00D17C37 /* UIViewParallelHeaderExtension.swift */ = {isa = PBXFileReference; fileEncoding = 4; lastKnownFileType = sourcecode.swift; path = UIViewParallelHeaderExtension.swift; sourceTree = "<group>"; };
		C2CF7CDC1C1558A900D17C37 /* MBTableHeaderView.xib */ = {isa = PBXFileReference; fileEncoding = 4; lastKnownFileType = file.xib; path = MBTableHeaderView.xib; sourceTree = "<group>"; };
		C2CF7CDD1C1558A900D17C37 /* MBTableHeaderView.swift */ = {isa = PBXFileReference; fileEncoding = 4; lastKnownFileType = sourcecode.swift; path = MBTableHeaderView.swift; sourceTree = "<group>"; };
		C2CF7CE31C17E9E600D17C37 /* MBNavigationBar.swift */ = {isa = PBXFileReference; fileEncoding = 4; lastKnownFileType = sourcecode.swift; path = MBNavigationBar.swift; sourceTree = "<group>"; };
		C2CF7CE61C17EAAF00D17C37 /* MBNavigationItem.swift */ = {isa = PBXFileReference; fileEncoding = 4; lastKnownFileType = sourcecode.swift; path = MBNavigationItem.swift; sourceTree = "<group>"; };
		C2CF7CE91C17FA4C00D17C37 /* MBMotionContentTableViewCell.swift */ = {isa = PBXFileReference; fileEncoding = 4; lastKnownFileType = sourcecode.swift; path = MBMotionContentTableViewCell.swift; sourceTree = "<group>"; };
		C2CF7CEA1C17FA4C00D17C37 /* MBMotionContentTableViewCell.xib */ = {isa = PBXFileReference; fileEncoding = 4; lastKnownFileType = file.xib; path = MBMotionContentTableViewCell.xib; sourceTree = "<group>"; };
/* End PBXFileReference section */

/* Begin PBXFrameworksBuildPhase section */
		C23229CD1B9D6BF800E7FF8C /* Frameworks */ = {
			isa = PBXFrameworksBuildPhase;
			buildActionMask = 2147483647;
			files = (
			);
			runOnlyForDeploymentPostprocessing = 0;
		};
		C23229E21B9D6BF800E7FF8C /* Frameworks */ = {
			isa = PBXFrameworksBuildPhase;
			buildActionMask = 2147483647;
			files = (
			);
			runOnlyForDeploymentPostprocessing = 0;
		};
/* End PBXFrameworksBuildPhase section */

/* Begin PBXGroup section */
		C23229C71B9D6BF800E7FF8C = {
			isa = PBXGroup;
			children = (
				C23229D21B9D6BF800E7FF8C /* MBMotion */,
				C23229E81B9D6BF800E7FF8C /* MBMotionTests */,
				C23229D11B9D6BF800E7FF8C /* Products */,
			);
			sourceTree = "<group>";
		};
		C23229D11B9D6BF800E7FF8C /* Products */ = {
			isa = PBXGroup;
			children = (
				C23229D01B9D6BF800E7FF8C /* MBMotion.app */,
				C23229E51B9D6BF800E7FF8C /* MBMotionTests.xctest */,
			);
			name = Products;
			sourceTree = "<group>";
		};
		C23229D21B9D6BF800E7FF8C /* MBMotion */ = {
			isa = PBXGroup;
			children = (
				C2CF7CE51C17EA7800D17C37 /* MBNavigationItem */,
				C2CF7CE21C17E8DE00D17C37 /* MBNavigationBar */,
				C2CF7CD21C152F7300D17C37 /* Demo */,
				C2CF7CCF1C152F2C00D17C37 /* MBMotionActionSheet */,
				C2CF7C871C1013C200D17C37 /* MBMotionHamburgButton */,
				C2CF7CCE1C11748900D17C37 /* Lib */,
				C2CF7CCD1C11747D00D17C37 /* Util */,
				C2CF7C861C100F6000D17C37 /* Extension */,
				C23229D51B9D6BF800E7FF8C /* AppDelegate.swift */,
				C23229D71B9D6BF800E7FF8C /* ViewController.swift */,
				C23229D91B9D6BF800E7FF8C /* Main.storyboard */,
				C23229DC1B9D6BF800E7FF8C /* Images.xcassets */,
				C23229DE1B9D6BF800E7FF8C /* LaunchScreen.xib */,
				C23229D31B9D6BF800E7FF8C /* Supporting Files */,
			);
			path = MBMotion;
			sourceTree = "<group>";
		};
		C23229D31B9D6BF800E7FF8C /* Supporting Files */ = {
			isa = PBXGroup;
			children = (
				C23229D41B9D6BF800E7FF8C /* Info.plist */,
			);
			name = "Supporting Files";
			sourceTree = "<group>";
		};
		C23229E81B9D6BF800E7FF8C /* MBMotionTests */ = {
			isa = PBXGroup;
			children = (
				C23229EB1B9D6BF800E7FF8C /* MBMotionTests.swift */,
				C23229E91B9D6BF800E7FF8C /* Supporting Files */,
			);
			path = MBMotionTests;
			sourceTree = "<group>";
		};
		C23229E91B9D6BF800E7FF8C /* Supporting Files */ = {
			isa = PBXGroup;
			children = (
				C23229EA1B9D6BF800E7FF8C /* Info.plist */,
			);
			name = "Supporting Files";
			sourceTree = "<group>";
		};
		C2CF7C861C100F6000D17C37 /* Extension */ = {
			isa = PBXGroup;
			children = (
				C2CF7CDA1C154EBD00D17C37 /* UIViewParallelHeaderExtension.swift */,
				C2345F8F1BA29B7700E9FF33 /* UIViewFrameExtension.swift */,
			);
			name = Extension;
			sourceTree = "<group>";
		};
		C2CF7C871C1013C200D17C37 /* MBMotionHamburgButton */ = {
			isa = PBXGroup;
			children = (
				C2CF7C881C10144300D17C37 /* MBMotionHamburgButton.swift */,
				C2CF7C8A1C10145500D17C37 /* MBMotionHamburgButton.xib */,
			);
			name = MBMotionHamburgButton;
			sourceTree = "<group>";
		};
		C2CF7C8C1C10170C00D17C37 /* MBMotionContentView */ = {
			isa = PBXGroup;
			children = (
				C2CF7CC71C102EC300D17C37 /* MBMotionContentView.xib */,
				C2CF7CC91C102EF300D17C37 /* MBMotionContentView.swift */,
			);
			name = MBMotionContentView;
			sourceTree = "<group>";
		};
		C2CF7CA91C10280900D17C37 /* SnapKit */ = {
			isa = PBXGroup;
			children = (
				C2CF7CAA1C10280900D17C37 /* Constraint.swift */,
				C2CF7CAB1C10280900D17C37 /* ConstraintAttributes.swift */,
				C2CF7CAC1C10280900D17C37 /* ConstraintDescription.swift */,
				C2CF7CAD1C10280900D17C37 /* ConstraintItem.swift */,
				C2CF7CAE1C10280900D17C37 /* ConstraintMaker.swift */,
				C2CF7CAF1C10280900D17C37 /* ConstraintRelation.swift */,
				C2CF7CB01C10280900D17C37 /* Debugging.swift */,
				C2CF7CB11C10280900D17C37 /* EdgeInsets.swift */,
				C2CF7CB21C10280900D17C37 /* Info.plist */,
				C2CF7CB31C10280900D17C37 /* LayoutConstraint.swift */,
				C2CF7CB41C10280900D17C37 /* SnapKit.h */,
				C2CF7CB51C10280900D17C37 /* SnapKit.swift */,
				C2CF7CB61C10280900D17C37 /* View+SnapKit.swift */,
				C2CF7CB71C10280900D17C37 /* ViewController+SnapKit.swift */,
			);
			path = SnapKit;
			sourceTree = "<group>";
		};
		C2CF7CCD1C11747D00D17C37 /* Util */ = {
			isa = PBXGroup;
			children = (
				C2CF7CCB1C11747400D17C37 /* MBTimeUtil.swift */,
			);
			name = Util;
			sourceTree = "<group>";
		};
		C2CF7CCE1C11748900D17C37 /* Lib */ = {
			isa = PBXGroup;
			children = (
				C2CF7CA91C10280900D17C37 /* SnapKit */,
			);
			name = Lib;
			sourceTree = "<group>";
		};
		C2CF7CCF1C152F2C00D17C37 /* MBMotionActionSheet */ = {
			isa = PBXGroup;
			children = (
				C23229F51B9D6C7B00E7FF8C /* MBMotionActionSheet.swift */,
				C23229F71B9D6D7E00E7FF8C /* MBMotionActionSheet.xib */,
			);
			name = MBMotionActionSheet;
			sourceTree = "<group>";
		};
		C2CF7CD21C152F7300D17C37 /* Demo */ = {
			isa = PBXGroup;
			children = (
				C2CF7CE81C17FA0B00D17C37 /* MBMotionContentTableViewCell */,
				C2CF7CE01C1558AC00D17C37 /* MBTableHeaderView */,
				C2CF7C8C1C10170C00D17C37 /* MBMotionContentView */,
				C2CF7CD51C152FE400D17C37 /* MBMotionActionSheetDemoViewController.swift */,
				C2CF7CD81C15306500D17C37 /* MBMotionWebViewController.swift */,
			);
			name = Demo;
			sourceTree = "<group>";
		};
		C2CF7CE01C1558AC00D17C37 /* MBTableHeaderView */ = {
			isa = PBXGroup;
			children = (
				C2CF7CDC1C1558A900D17C37 /* MBTableHeaderView.xib */,
				C2CF7CDD1C1558A900D17C37 /* MBTableHeaderView.swift */,
			);
			name = MBTableHeaderView;
			sourceTree = "<group>";
		};
		C2CF7CE21C17E8DE00D17C37 /* MBNavigationBar */ = {
			isa = PBXGroup;
			children = (
				C2CF7CE31C17E9E600D17C37 /* MBNavigationBar.swift */,
			);
			name = MBNavigationBar;
			sourceTree = "<group>";
		};
		C2CF7CE51C17EA7800D17C37 /* MBNavigationItem */ = {
			isa = PBXGroup;
			children = (
				C2CF7CE61C17EAAF00D17C37 /* MBNavigationItem.swift */,
			);
			name = MBNavigationItem;
			sourceTree = "<group>";
		};
		C2CF7CE81C17FA0B00D17C37 /* MBMotionContentTableViewCell */ = {
			isa = PBXGroup;
			children = (
				C2CF7CE91C17FA4C00D17C37 /* MBMotionContentTableViewCell.swift */,
				C2CF7CEA1C17FA4C00D17C37 /* MBMotionContentTableViewCell.xib */,
			);
			name = MBMotionContentTableViewCell;
			sourceTree = "<group>";
		};
/* End PBXGroup section */

/* Begin PBXNativeTarget section */
		C23229CF1B9D6BF800E7FF8C /* MBMotion */ = {
			isa = PBXNativeTarget;
			buildConfigurationList = C23229EF1B9D6BF800E7FF8C /* Build configuration list for PBXNativeTarget "MBMotion" */;
			buildPhases = (
				C23229CC1B9D6BF800E7FF8C /* Sources */,
				C23229CD1B9D6BF800E7FF8C /* Frameworks */,
				C23229CE1B9D6BF800E7FF8C /* Resources */,
			);
			buildRules = (
			);
			dependencies = (
			);
			name = MBMotion;
			productName = MBMotion;
			productReference = C23229D01B9D6BF800E7FF8C /* MBMotion.app */;
			productType = "com.apple.product-type.application";
		};
		C23229E41B9D6BF800E7FF8C /* MBMotionTests */ = {
			isa = PBXNativeTarget;
			buildConfigurationList = C23229F21B9D6BF800E7FF8C /* Build configuration list for PBXNativeTarget "MBMotionTests" */;
			buildPhases = (
				C23229E11B9D6BF800E7FF8C /* Sources */,
				C23229E21B9D6BF800E7FF8C /* Frameworks */,
				C23229E31B9D6BF800E7FF8C /* Resources */,
			);
			buildRules = (
			);
			dependencies = (
				C23229E71B9D6BF800E7FF8C /* PBXTargetDependency */,
			);
			name = MBMotionTests;
			productName = MBMotionTests;
			productReference = C23229E51B9D6BF800E7FF8C /* MBMotionTests.xctest */;
			productType = "com.apple.product-type.bundle.unit-test";
		};
/* End PBXNativeTarget section */

/* Begin PBXProject section */
		C23229C81B9D6BF800E7FF8C /* Project object */ = {
			isa = PBXProject;
			attributes = {
				LastSwiftUpdateCheck = 0700;
				LastUpgradeCheck = 0710;
				ORGANIZATIONNAME = MmoaaY;
				TargetAttributes = {
					C23229CF1B9D6BF800E7FF8C = {
						CreatedOnToolsVersion = 6.4;
					};
					C23229E41B9D6BF800E7FF8C = {
						CreatedOnToolsVersion = 6.4;
						TestTargetID = C23229CF1B9D6BF800E7FF8C;
					};
				};
			};
			buildConfigurationList = C23229CB1B9D6BF800E7FF8C /* Build configuration list for PBXProject "MBMotion" */;
			compatibilityVersion = "Xcode 3.2";
			developmentRegion = English;
			hasScannedForEncodings = 0;
			knownRegions = (
				en,
				Base,
			);
			mainGroup = C23229C71B9D6BF800E7FF8C;
			productRefGroup = C23229D11B9D6BF800E7FF8C /* Products */;
			projectDirPath = "";
			projectRoot = "";
			targets = (
				C23229CF1B9D6BF800E7FF8C /* MBMotion */,
				C23229E41B9D6BF800E7FF8C /* MBMotionTests */,
			);
		};
/* End PBXProject section */

/* Begin PBXResourcesBuildPhase section */
		C23229CE1B9D6BF800E7FF8C /* Resources */ = {
			isa = PBXResourcesBuildPhase;
			buildActionMask = 2147483647;
			files = (
				C23229F81B9D6D7F00E7FF8C /* MBMotionActionSheet.xib in Resources */,
				C2CF7CDE1C1558A900D17C37 /* MBTableHeaderView.xib in Resources */,
				C23229DB1B9D6BF800E7FF8C /* Main.storyboard in Resources */,
				C2CF7CC01C10280900D17C37 /* Info.plist in Resources */,
				C2CF7CC81C102EC300D17C37 /* MBMotionContentView.xib in Resources */,
				C23229E01B9D6BF800E7FF8C /* LaunchScreen.xib in Resources */,
				C2CF7C8B1C10145500D17C37 /* MBMotionHamburgButton.xib in Resources */,
				C2CF7CEC1C17FA4C00D17C37 /* MBMotionContentTableViewCell.xib in Resources */,
				C23229DD1B9D6BF800E7FF8C /* Images.xcassets in Resources */,
			);
			runOnlyForDeploymentPostprocessing = 0;
		};
		C23229E31B9D6BF800E7FF8C /* Resources */ = {
			isa = PBXResourcesBuildPhase;
			buildActionMask = 2147483647;
			files = (
			);
			runOnlyForDeploymentPostprocessing = 0;
		};
/* End PBXResourcesBuildPhase section */

/* Begin PBXSourcesBuildPhase section */
		C23229CC1B9D6BF800E7FF8C /* Sources */ = {
			isa = PBXSourcesBuildPhase;
			buildActionMask = 2147483647;
			files = (
				C2CF7CBF1C10280900D17C37 /* EdgeInsets.swift in Sources */,
				C2CF7CB81C10280900D17C37 /* Constraint.swift in Sources */,
				C2CF7CDB1C154EBD00D17C37 /* UIViewParallelHeaderExtension.swift in Sources */,
				C2CF7CBC1C10280900D17C37 /* ConstraintMaker.swift in Sources */,
				C2CF7CBD1C10280900D17C37 /* ConstraintRelation.swift in Sources */,
				C2CF7C891C10144300D17C37 /* MBMotionHamburgButton.swift in Sources */,
				C2CF7CB91C10280900D17C37 /* ConstraintAttributes.swift in Sources */,
				C2CF7CD61C152FE400D17C37 /* MBMotionActionSheetDemoViewController.swift in Sources */,
				C2345F901BA29B7700E9FF33 /* UIViewFrameExtension.swift in Sources */,
				C2CF7CC21C10280900D17C37 /* SnapKit.swift in Sources */,
				C2CF7CE71C17EAAF00D17C37 /* MBNavigationItem.swift in Sources */,
				C23229F61B9D6C7B00E7FF8C /* MBMotionActionSheet.swift in Sources */,
				C23229D81B9D6BF800E7FF8C /* ViewController.swift in Sources */,
				C23229D61B9D6BF800E7FF8C /* AppDelegate.swift in Sources */,
				C2CF7CEB1C17FA4C00D17C37 /* MBMotionContentTableViewCell.swift in Sources */,
				C2CF7CBA1C10280900D17C37 /* ConstraintDescription.swift in Sources */,
				C2CF7CDF1C1558A900D17C37 /* MBTableHeaderView.swift in Sources */,
				C2CF7CBE1C10280900D17C37 /* Debugging.swift in Sources */,
				C2CF7CCA1C102EF300D17C37 /* MBMotionContentView.swift in Sources */,
				C2CF7CC31C10280900D17C37 /* View+SnapKit.swift in Sources */,
				C2CF7CC11C10280900D17C37 /* LayoutConstraint.swift in Sources */,
				C2CF7CD91C15306500D17C37 /* MBMotionWebViewController.swift in Sources */,
				C2CF7CE41C17E9E600D17C37 /* MBNavigationBar.swift in Sources */,
				C2CF7CBB1C10280900D17C37 /* ConstraintItem.swift in Sources */,
				C2CF7CCC1C11747400D17C37 /* MBTimeUtil.swift in Sources */,
				C2CF7CC41C10280900D17C37 /* ViewController+SnapKit.swift in Sources */,
			);
			runOnlyForDeploymentPostprocessing = 0;
		};
		C23229E11B9D6BF800E7FF8C /* Sources */ = {
			isa = PBXSourcesBuildPhase;
			buildActionMask = 2147483647;
			files = (
				C23229EC1B9D6BF800E7FF8C /* MBMotionTests.swift in Sources */,
			);
			runOnlyForDeploymentPostprocessing = 0;
		};
/* End PBXSourcesBuildPhase section */

/* Begin PBXTargetDependency section */
		C23229E71B9D6BF800E7FF8C /* PBXTargetDependency */ = {
			isa = PBXTargetDependency;
			target = C23229CF1B9D6BF800E7FF8C /* MBMotion */;
			targetProxy = C23229E61B9D6BF800E7FF8C /* PBXContainerItemProxy */;
		};
/* End PBXTargetDependency section */

/* Begin PBXVariantGroup section */
		C23229D91B9D6BF800E7FF8C /* Main.storyboard */ = {
			isa = PBXVariantGroup;
			children = (
				C23229DA1B9D6BF800E7FF8C /* Base */,
			);
			name = Main.storyboard;
			sourceTree = "<group>";
		};
		C23229DE1B9D6BF800E7FF8C /* LaunchScreen.xib */ = {
			isa = PBXVariantGroup;
			children = (
				C23229DF1B9D6BF800E7FF8C /* Base */,
			);
			name = LaunchScreen.xib;
			sourceTree = "<group>";
		};
/* End PBXVariantGroup section */

/* Begin XCBuildConfiguration section */
		C23229ED1B9D6BF800E7FF8C /* Debug */ = {
			isa = XCBuildConfiguration;
			buildSettings = {
				ALWAYS_SEARCH_USER_PATHS = NO;
				CLANG_CXX_LANGUAGE_STANDARD = "gnu++0x";
				CLANG_CXX_LIBRARY = "libc++";
				CLANG_ENABLE_MODULES = YES;
				CLANG_ENABLE_OBJC_ARC = YES;
				CLANG_WARN_BOOL_CONVERSION = YES;
				CLANG_WARN_CONSTANT_CONVERSION = YES;
				CLANG_WARN_DIRECT_OBJC_ISA_USAGE = YES_ERROR;
				CLANG_WARN_EMPTY_BODY = YES;
				CLANG_WARN_ENUM_CONVERSION = YES;
				CLANG_WARN_INT_CONVERSION = YES;
				CLANG_WARN_OBJC_ROOT_CLASS = YES_ERROR;
				CLANG_WARN_UNREACHABLE_CODE = YES;
				CLANG_WARN__DUPLICATE_METHOD_MATCH = YES;
				"CODE_SIGN_IDENTITY[sdk=iphoneos*]" = "iPhone Developer";
				COPY_PHASE_STRIP = NO;
				DEBUG_INFORMATION_FORMAT = "dwarf-with-dsym";
				ENABLE_STRICT_OBJC_MSGSEND = YES;
				ENABLE_TESTABILITY = YES;
				GCC_C_LANGUAGE_STANDARD = gnu99;
				GCC_DYNAMIC_NO_PIC = NO;
				GCC_NO_COMMON_BLOCKS = YES;
				GCC_OPTIMIZATION_LEVEL = 0;
				GCC_PREPROCESSOR_DEFINITIONS = (
					"DEBUG=1",
					"$(inherited)",
				);
				GCC_SYMBOLS_PRIVATE_EXTERN = NO;
				GCC_WARN_64_TO_32_BIT_CONVERSION = YES;
				GCC_WARN_ABOUT_RETURN_TYPE = YES_ERROR;
				GCC_WARN_UNDECLARED_SELECTOR = YES;
				GCC_WARN_UNINITIALIZED_AUTOS = YES_AGGRESSIVE;
				GCC_WARN_UNUSED_FUNCTION = YES;
				GCC_WARN_UNUSED_VARIABLE = YES;
				IPHONEOS_DEPLOYMENT_TARGET = 8.4;
				MTL_ENABLE_DEBUG_INFO = YES;
				ONLY_ACTIVE_ARCH = YES;
				SDKROOT = iphoneos;
				SWIFT_OPTIMIZATION_LEVEL = "-Onone";
			};
			name = Debug;
		};
		C23229EE1B9D6BF800E7FF8C /* Release */ = {
			isa = XCBuildConfiguration;
			buildSettings = {
				ALWAYS_SEARCH_USER_PATHS = NO;
				CLANG_CXX_LANGUAGE_STANDARD = "gnu++0x";
				CLANG_CXX_LIBRARY = "libc++";
				CLANG_ENABLE_MODULES = YES;
				CLANG_ENABLE_OBJC_ARC = YES;
				CLANG_WARN_BOOL_CONVERSION = YES;
				CLANG_WARN_CONSTANT_CONVERSION = YES;
				CLANG_WARN_DIRECT_OBJC_ISA_USAGE = YES_ERROR;
				CLANG_WARN_EMPTY_BODY = YES;
				CLANG_WARN_ENUM_CONVERSION = YES;
				CLANG_WARN_INT_CONVERSION = YES;
				CLANG_WARN_OBJC_ROOT_CLASS = YES_ERROR;
				CLANG_WARN_UNREACHABLE_CODE = YES;
				CLANG_WARN__DUPLICATE_METHOD_MATCH = YES;
				"CODE_SIGN_IDENTITY[sdk=iphoneos*]" = "iPhone Developer";
				COPY_PHASE_STRIP = NO;
				DEBUG_INFORMATION_FORMAT = "dwarf-with-dsym";
				ENABLE_NS_ASSERTIONS = NO;
				ENABLE_STRICT_OBJC_MSGSEND = YES;
				GCC_C_LANGUAGE_STANDARD = gnu99;
				GCC_NO_COMMON_BLOCKS = YES;
				GCC_WARN_64_TO_32_BIT_CONVERSION = YES;
				GCC_WARN_ABOUT_RETURN_TYPE = YES_ERROR;
				GCC_WARN_UNDECLARED_SELECTOR = YES;
				GCC_WARN_UNINITIALIZED_AUTOS = YES_AGGRESSIVE;
				GCC_WARN_UNUSED_FUNCTION = YES;
				GCC_WARN_UNUSED_VARIABLE = YES;
				IPHONEOS_DEPLOYMENT_TARGET = 8.4;
				MTL_ENABLE_DEBUG_INFO = NO;
				SDKROOT = iphoneos;
				VALIDATE_PRODUCT = YES;
			};
			name = Release;
		};
		C23229F01B9D6BF800E7FF8C /* Debug */ = {
			isa = XCBuildConfiguration;
			buildSettings = {
				ASSETCATALOG_COMPILER_APPICON_NAME = AppIcon;
				INFOPLIST_FILE = MBMotion/Info.plist;
				LD_RUNPATH_SEARCH_PATHS = "$(inherited) @executable_path/Frameworks";
				PRODUCT_BUNDLE_IDENTIFIER = "com.MmoaaY.$(PRODUCT_NAME:rfc1034identifier)";
				PRODUCT_NAME = "$(TARGET_NAME)";
			};
			name = Debug;
		};
		C23229F11B9D6BF800E7FF8C /* Release */ = {
			isa = XCBuildConfiguration;
			buildSettings = {
				ASSETCATALOG_COMPILER_APPICON_NAME = AppIcon;
				INFOPLIST_FILE = MBMotion/Info.plist;
				LD_RUNPATH_SEARCH_PATHS = "$(inherited) @executable_path/Frameworks";
				PRODUCT_BUNDLE_IDENTIFIER = "com.MmoaaY.$(PRODUCT_NAME:rfc1034identifier)";
				PRODUCT_NAME = "$(TARGET_NAME)";
			};
			name = Release;
		};
		C23229F31B9D6BF800E7FF8C /* Debug */ = {
			isa = XCBuildConfiguration;
			buildSettings = {
				BUNDLE_LOADER = "$(TEST_HOST)";
				FRAMEWORK_SEARCH_PATHS = (
					"$(SDKROOT)/Developer/Library/Frameworks",
					"$(inherited)",
				);
				GCC_PREPROCESSOR_DEFINITIONS = (
					"DEBUG=1",
					"$(inherited)",
				);
				INFOPLIST_FILE = MBMotionTests/Info.plist;
				LD_RUNPATH_SEARCH_PATHS = "$(inherited) @executable_path/Frameworks @loader_path/Frameworks";
				PRODUCT_BUNDLE_IDENTIFIER = "com.MmoaaY.$(PRODUCT_NAME:rfc1034identifier)";
				PRODUCT_NAME = "$(TARGET_NAME)";
				TEST_HOST = "$(BUILT_PRODUCTS_DIR)/MBMotion.app/MBMotion";
			};
			name = Debug;
		};
		C23229F41B9D6BF800E7FF8C /* Release */ = {
			isa = XCBuildConfiguration;
			buildSettings = {
				BUNDLE_LOADER = "$(TEST_HOST)";
				FRAMEWORK_SEARCH_PATHS = (
					"$(SDKROOT)/Developer/Library/Frameworks",
					"$(inherited)",
				);
				INFOPLIST_FILE = MBMotionTests/Info.plist;
				LD_RUNPATH_SEARCH_PATHS = "$(inherited) @executable_path/Frameworks @loader_path/Frameworks";
				PRODUCT_BUNDLE_IDENTIFIER = "com.MmoaaY.$(PRODUCT_NAME:rfc1034identifier)";
				PRODUCT_NAME = "$(TARGET_NAME)";
				TEST_HOST = "$(BUILT_PRODUCTS_DIR)/MBMotion.app/MBMotion";
			};
			name = Release;
		};
/* End XCBuildConfiguration section */

/* Begin XCConfigurationList section */
		C23229CB1B9D6BF800E7FF8C /* Build configuration list for PBXProject "MBMotion" */ = {
			isa = XCConfigurationList;
			buildConfigurations = (
				C23229ED1B9D6BF800E7FF8C /* Debug */,
				C23229EE1B9D6BF800E7FF8C /* Release */,
			);
			defaultConfigurationIsVisible = 0;
			defaultConfigurationName = Release;
		};
		C23229EF1B9D6BF800E7FF8C /* Build configuration list for PBXNativeTarget "MBMotion" */ = {
			isa = XCConfigurationList;
			buildConfigurations = (
				C23229F01B9D6BF800E7FF8C /* Debug */,
				C23229F11B9D6BF800E7FF8C /* Release */,
			);
			defaultConfigurationIsVisible = 0;
			defaultConfigurationName = Release;
		};
		C23229F21B9D6BF800E7FF8C /* Build configuration list for PBXNativeTarget "MBMotionTests" */ = {
			isa = XCConfigurationList;
			buildConfigurations = (
				C23229F31B9D6BF800E7FF8C /* Debug */,
				C23229F41B9D6BF800E7FF8C /* Release */,
			);
			defaultConfigurationIsVisible = 0;
			defaultConfigurationName = Release;
		};
/* End XCConfigurationList section */
	};
	rootObject = C23229C81B9D6BF800E7FF8C /* Project object */;
}
